github.com/alecthomas/kong v0.5.0 h1:u8Kdw+eeml93qtMZ04iei0CFYve/WPcA5IFh+9wSskE=
github.com/alecthomas/kong v0.5.0/go.mod h1:uzxf/HUh0tj43x1AyJROl3JT7SgsZ5m+icOv1csRhc0=
github.com/alecthomas/repr v0.0.0-20210801044451-80ca428c5142 h1:8Uy0oSf5co/NZXje7U1z8Mpep++QJOldL2hs/sBQf48=
github.com/alecthomas/repr v0.0.0-20210801044451-80ca428c5142/go.mod h1:2kn6fqh/zIyPLmm3ugklbEi5hg5wS435eygvNfaDQL8=
github.com/aws/aws-sdk-go-v2 v1.16.1 h1:udzee98w8H6ikRgtFdVN9JzzYEbi/quFfSvduZETJIU=
github.com/aws/aws-sdk-go-v2 v1.16.1/go.mod h1:ytwTPBG6fXTZLxxeeCCWj2/EMYp/xDUgX+OET6TLNNU=
github.com/aws/aws-sdk-go-v2/config v1.15.2 h1:4oGcm1yqqtTc2Z8YpwehwjSiBA3TR0iZbFCgNlXcVFQ=
github.com/aws/aws-sdk-go-v2/config v1.15.2/go.mod h1:S1p1xf7DGVp0srNq0BakyxfirOldPQeDVlx7+fllyok=
github.com/aws/aws-sdk-go-v2/credentials v1.11.1 h1:uR323+M7ca3v2GKXbFSwWbNA3kLjjFzaalL6W4rpB9s=
github.com/aws/aws-sdk-go-v2/credentials v1.11.1/go.mod h1:pYrHWfKUoWTmbr+xTf6ZoWeyyvLAQ5BPT3aL+nKlTpE=
github.com/aws/aws-sdk-go-v2/feature/ec2/imds v1.12.2 h1:+AULPOLHEDjH2TcNKpixl4gt26hFOdlUuuisZUBFczA=
github.com/aws/aws-sdk-go-v2/feature/ec2/imds v1.12.2/go.mod h1:jmsqNRVo2XlUTNXG/NF7hM7o2gd2jhfg8vdJ135d4XA=
github.com/aws/aws-sdk-go-v2/internal/configsources v1.1.8 h1:CDaO90VZVBAL1sK87S5oSPIrp7yZqORv1hPIi2UsTMk=
github.com/aws/aws-sdk-go-v2/internal/configsources v1.1.8/go.mod h1:LnTQMTqbKsbtt+UI5+wPsB7jedW+2ZgozoPG8k6cMxg=
github.com/aws/aws-sdk-go-v2/internal/endpoints/v2 v2.4.2 h1:XXR3cdOcKRCTZf6ctcqpMf+go1BdzTm6+T9Ul5zxcMI=
github.com/aws/aws-sdk-go-v2/internal/endpoints/v2 v2.4.2/go.mod h1:1x4ZP3Z8odssdhuLI+/1Tqw6Pt/VAaP4Tr8EUxHvPXE=
github.com/aws/aws-sdk-go-v2/internal/ini v1.3.9 h1:8umg6LSQ/b0+ZTq+Ro8K7VLGVwd7kiYQtIACpf2N/Yo=
github.com/aws/aws-sdk-go-v2/internal/ini v1.3.9/go.mod h1:kASRBzoVW4I8KUmGCjsowAqVor9QU9DuTUABVducrTY=
github.com/aws/aws-sdk-go-v2/service/cloudwatchlogs v1.15.3 h1:sDGHy2Z52flKAXk0FKSEx0BREHXVvHY3+r/8C+V+Le4=
github.com/aws/aws-sdk-go-v2/service/cloudwatchlogs v1.15.3/go.mod h1:LtnzJVaunRvfpCXF8kBAWuh4GLbZEA1o3ZXKOyjOJlM=
github.com/aws/aws-sdk-go-v2/service/internal/presigned-url v1.9.2 h1:RrN7V0r8+lUUKZM4OAoCOIZqjPLZPOl6wuwMd2QIryI=
github.com/aws/aws-sdk-go-v2/service/internal/presigned-url v1.9.2/go.mod h1:7hwSi01X5Yj9H0qLQljrn8OSdLwwSym1aQCfGn1tDQQ=
github.com/aws/aws-sdk-go-v2/service/sso v1.11.2 h1:8fVz1c9B/63w7O0kxbrCTT69iV4DgXnFumarPCZ3Cns=
github.com/aws/aws-sdk-go-v2/service/sso v1.11.2/go.mod h1:GdCj3+FzI3D5tauOzz8n3YjN70XvgZz82PVVtJXmDds=
github.com/aws/aws-sdk-go-v2/service/sts v1.16.2 h1:qgK5htfKByTiPxS/diZ/mTCfDwGAVuyjRdqu6VoCh80=
github.com/aws/aws-sdk-go-v2/service/sts v1.16.2/go.mod h1:RoMljzynmRe3jyOsRgqIMTzyhpAv6XNxu549M1X4Mdo=
github.com/aws/smithy-go v1.11.2 h1:eG/N+CcUMAvsdffgMvjMKwfyDzIkjM6pfxMJ8Mzc6mE=
github.com/aws/smithy-go v1.11.2/go.mod h1:3xHYmszWVx2c0kIwQeEVf9uSm4fYZt67FBJnwub1bgM=
github.com/davecgh/go-spew v1.1.0/go.mod h1:J7Y8YcW2NihsgmVo/mv3lAwl/skON4iLHjSsI+c5H38=
github.com/davecgh/go-spew v1.1.1 h1:vj9j/u1bqnvCEfJOwUhtlOARqs3+rkHYY13jYWTU97c=
github.com/davecgh/go-spew v1.1.1/go.mod h1:J7Y8YcW2NihsgmVo/mv3lAwl/skON4iLHjSsI+c5H38=
github.com/fatih/color v1.13.0 h1:8LOYc1KYPPmyKMuN8QV2DNRWNbLo6LZ0iLs8+mlH53w=
github.com/fatih/color v1.13.0/go.mod h1:kLAiJbzzSOZDVNGyDpeOxJ47H46qBXwg5ILebYFFOfk=
github.com/google/go-cmp v0.5.7 h1:81/ik6ipDQS2aGcBfIN5dHDB36BwrStyeAQquSYCV4o=
github.com/google/go-cmp v0.5.7/go.mod h1:n+brtR0CgQNWTVd5ZUFpTBC8YFBDLK/h/bpaJ8/DtOE=
github.com/jmespath/go-jmespath v0.4.0 h1:BEgLn5cpjn8UN1mAw4NjwDrS35OdebyEtFe+9YPoQUg=
github.com/jmespath/go-jmespath v0.4.0/go.mod h1:T8mJZnbsbmF+m6zOOFylbeCJqk5+pHWvzYPziyZiYoo=
github.com/jmespath/go-jmespath/internal/testify v1.5.1 h1:shLQSRRSCCPj3f2gpwzGwWFoC7ycTf1rcQZHOlsJ6N8=
github.com/jmespath/go-jmespath/internal/testify v1.5.1/go.mod h1:L3OGu8Wl2/fWfCI6z80xFu9LTZmf1ZRjMHUOPmWr69U=
github.com/mattn/go-colorable v0.1.9/go.mod h1:u6P/XSegPjTcexA+o6vUJrdnUu04hMope9wVRipJSqc=
github.com/mattn/go-colorable v0.1.12 h1:jF+Du6AlPIjs2BiUiQlKOX0rt3SujHxPnksPKZbaA40=
github.com/mattn/go-colorable v0.1.12/go.mod h1:u5H1YNBxpqRaxsYJYSkiCWKzEfiAb1Gb520KVy5xxl4=
github.com/mattn/go-isatty v0.0.12/go.mod h1:cbi8OIDigv2wuxKPP5vlRcQ1OAZbq2CE4Kysco4FUpU=
github.com/mattn/go-isatty v0.0.14 h1:yVuAays6BHfxijgZPzw+3Zlu5yQgKGP2/hcQbHb7S9Y=
github.com/mattn/go-isatty v0.0.14/go.mod h1:7GGIvUiUoEMVVmxf/4nioHXj79iQHKdU27kJ6hsGG94=
github.com/pkg/errors v0.9.1 h1:FEBLx1zS214owpjy7qsBeixbURkuhQAwrK5UwLGTwt4=
github.com/pkg/errors v0.9.1/go.mod h1:bwawxfHBFNV+L2hUp1rHADufV3IMtnDRdf1r5NINEl0=
github.com/pmezard/go-difflib v1.0.0 h1:4DBwDE0NGyQoBHbLQYPwSUPoCMWR5BEzIk/f1lZbAQM=
github.com/pmezard/go-difflib v1.0.0/go.mod h1:iKH77koFhYxTK1pcRnkKkqfTogsbg7gZNVY4sRDYZ/4=
github.com/stretchr/objx v0.1.0/go.mod h1:HFkY916IF+rwdDfMAkV7OtwuqBVzrE8GR6GFx+wExME=
github.com/stretchr/testify v1.7.0/go.mod h1:6Fq8oRcR53rry900zMqJjRRixrwX3KX962/h/Wwjteg=
github.com/stretchr/testify v1.7.1 h1:5TQK59W5E3v0r2duFAb7P95B6hEeOyEnHRa8MjYSMTY=
github.com/stretchr/testify v1.7.1/go.mod h1:6Fq8oRcR53rry900zMqJjRRixrwX3KX962/h/Wwjteg=
golang.org/x/sys v0.0.0-20200116001909-b77594299b42/go.mod h1:h1NjWce9XRLGQEsW7wpKNCjG9DtNlClVuFLEZdDNbEs=
golang.org/x/sys v0.0.0-20200223170610-d5e6a3e2c0ae/go.mod h1:h1NjWce9XRLGQEsW7wpKNCjG9DtNlClVuFLEZdDNbEs=
golang.org/x/sys v0.0.0-20210630005230-0f9fa26af87c/go.mod h1:oPkhp1MJrh7nUepCBck5+mAzfO9JrbApNNgaTdGDITg=
golang.org/x/sys v0.0.0-20210927094055-39ccf1dd6fa6/go.mod h1:oPkhp1MJrh7nUepCBck5+mAzfO9JrbApNNgaTdGDITg=
golang.org/x/sys v0.0.0-20220328115105-d36c6a25d886 h1:eJv7u3ksNXoLbGSKuv2s/SIO4tJVxc/A+MTpzxDgz/Q=
golang.org/x/sys v0.0.0-20220328115105-d36c6a25d886/go.mod h1:oPkhp1MJrh7nUepCBck5+mAzfO9JrbApNNgaTdGDITg=
golang.org/x/xerrors v0.0.0-20191204190536-9bdfabe68543 h1:E7g+9GITq07hpfrRu66IVDexMakfv52eLZ2CXBWiKr4=
golang.org/x/xerrors v0.0.0-20191204190536-9bdfabe68543/go.mod h1:I/5z698sn9Ka8TeJc9MKroUUfqBBauWjQqLJ2OPfmY0=
gopkg.in/check.v1 v0.0.0-20161208181325-20d25e280405 h1:yhCVgyC4o1eVCa2tZl7eS0r+SDo693bJlVdllGtEeKM=
gopkg.in/check.v1 v0.0.0-20161208181325-20d25e280405/go.mod h1:Co6ibVJAznAaIkqp8huTwlJQCZ016jof/cbN4VW5Yz0=
gopkg.in/yaml.v2 v2.2.8 h1:obN1ZagJSUGI0Ek/LBmuj4SNLPfIny3KsKFopxRdj10=
gopkg.in/yaml.v2 v2.2.8/go.mod h1:hI93XBmqTisBFMUTm0b8Fm+jr3Dg1NNxqwp+5A1VGuI=
gopkg.in/yaml.v3 v3.0.0-20200313102051-9f266ea9e77c/go.mod h1:K4uyk7z7BCEPqu6E+C64Yfv1cQ7kz7rIZviUmN+EgEM=
gopkg.in/yaml.v3 v3.0.0-20210107192922-496545a6307b h1:h8qDotaEPuJATrMmW04NCwg7v22aHH28wwpauUhK9Oo=
gopkg.in/yaml.v3 v3.0.0-20210107192922-496545a6307b/go.mod h1:K4uyk7z7BCEPqu6E+C64Yfv1cQ7kz7rIZviUmN+EgEM=
